{
    "_meta": {
        "hash": {
            "sha256": "4a744f42bc3fa9d1cb86ad6e43634634a7f3dd0836c5a8f9ee1cf1dd11af3ede"
        },
        "pipfile-spec": 6,
        "requires": {
            "python_version": "3.8"
        },
        "sources": [
            {
                "name": "pypi",
                "url": "https://pypi.org/simple",
                "verify_ssl": true
            }
        ]
    },
    "default": {
        "lark-parser": {
            "hashes": [
                "sha256:20bdefdf1b6e9bcb38165ea5cc4f27921a99c6f4c35264a3a953fd60335f1f8c",
                "sha256:8b747e1f544dcc2789e3feaddd2a50c6a73bed69d62e9c69760c1e1f7d23495f"
            ],
            "index": "pypi",
            "version": "==0.11.1"
        }
    },
    "develop": {}
}
